
Microsoft Visual Studio Solution File, Format Version 12.00
# Visual Studio 2013
VisualStudioVersion = 12.0.31101.0
MinimumVisualStudioVersion = 10.0.40219.1
Project("{FAE04EC0-301F-11D3-BF4B-00C04F79EFBC}") = "MessageLogger", "MessageLogger\MessageLogger.csproj", "{95155EB6-DB66-4901-B00C-ED1E51788C70}"
EndProject
Project("{FAE04EC0-301F-11D3-BF4B-00C04F79EFBC}") = "MessageLogging", "MessageLogging\MessageLogging.csproj", "{0AC27322-9086-4FAF-AAEE-E25E33B56716}"
EndProject
Global
	GlobalSection(SolutionConfigurationPlatforms) = preSolution
		Debug|Any CPU = Debug|Any CPU
		Release|Any CPU = Release|Any CPU
	EndGlobalSection
	GlobalSection(ProjectConfigurationPlatforms) = postSolution
		{95155EB6-DB66-4901-B00C-ED1E51788C70}.Debug|Any CPU.ActiveCfg = Debug|Any CPU
		{95155EB6-DB66-4901-B00C-ED1E51788C70}.Debug|Any CPU.Build.0 = Debug|Any CPU
		{95155EB6-DB66-4901-B00C-ED1E51788C70}.Release|Any CPU.ActiveCfg = Release|Any CPU
		{95155EB6-DB66-4901-B00C-ED1E51788C70}.Release|Any CPU.Build.0 = Release|Any CPU
		{0AC27322-9086-4FAF-AAEE-E25E33B56716}.Debug|Any CPU.ActiveCfg = Debug|Any CPU
		{0AC27322-9086-4FAF-AAEE-E25E33B56716}.Debug|Any CPU.Build.0 = Debug|Any CPU
		{0AC27322-9086-4FAF-AAEE-E25E33B56716}.Release|Any CPU.ActiveCfg = Release|Any CPU
		{0AC27322-9086-4FAF-AAEE-E25E33B56716}.Release|Any CPU.Build.0 = Release|Any CPU
	EndGlobalSection
	GlobalSection(SolutionProperties) = preSolution
		HideSolutionNode = FALSE
	EndGlobalSection
EndGlobal
